
Microsoft Visual Studio Solution File, Format Version 12.00
# Visual Studio 15
VisualStudioVersion = 15.0.27004.2009
MinimumVisualStudioVersion = 10.0.40219.1
Project("{FAE04EC0-301F-11D3-BF4B-00C04F79EFBC}") = "IDE", "IDE\IDE.csproj", "{645F22E5-A031-4D2A-AD99-BF7C1B5CD651}"
EndProject
Project("{FAE04EC0-301F-11D3-BF4B-00C04F79EFBC}") = "IDELib", "IDELib\IDELib.csproj", "{EF0B5C2C-67B1-4152-ABB0-27C1EFD60D07}"
EndProject
Project("{FAE04EC0-301F-11D3-BF4B-00C04F79EFBC}") = "IDELanguages", "IDELanguages\IDELanguages.csproj", "{ED704864-E610-4018-8461-253A760D1D77}"
EndProject
Global
	GlobalSection(SolutionConfigurationPlatforms) = preSolution
		Debug|Any CPU = Debug|Any CPU
		Release|Any CPU = Release|Any CPU
	EndGlobalSection
	GlobalSection(ProjectConfigurationPlatforms) = postSolution
		{645F22E5-A031-4D2A-AD99-BF7C1B5CD651}.Debug|Any CPU.ActiveCfg = Debug|Any CPU
		{645F22E5-A031-4D2A-AD99-BF7C1B5CD651}.Debug|Any CPU.Build.0 = Debug|Any CPU
		{645F22E5-A031-4D2A-AD99-BF7C1B5CD651}.Release|Any CPU.ActiveCfg = Release|Any CPU
		{645F22E5-A031-4D2A-AD99-BF7C1B5CD651}.Release|Any CPU.Build.0 = Release|Any CPU
		{EF0B5C2C-67B1-4152-ABB0-27C1EFD60D07}.Debug|Any CPU.ActiveCfg = Debug|Any CPU
		{EF0B5C2C-67B1-4152-ABB0-27C1EFD60D07}.Debug|Any CPU.Build.0 = Debug|Any CPU
		{EF0B5C2C-67B1-4152-ABB0-27C1EFD60D07}.Release|Any CPU.ActiveCfg = Release|Any CPU
		{EF0B5C2C-67B1-4152-ABB0-27C1EFD60D07}.Release|Any CPU.Build.0 = Release|Any CPU
		{ED704864-E610-4018-8461-253A760D1D77}.Debug|Any CPU.ActiveCfg = Debug|Any CPU
		{ED704864-E610-4018-8461-253A760D1D77}.Debug|Any CPU.Build.0 = Debug|Any CPU
		{ED704864-E610-4018-8461-253A760D1D77}.Release|Any CPU.ActiveCfg = Release|Any CPU
		{ED704864-E610-4018-8461-253A760D1D77}.Release|Any CPU.Build.0 = Release|Any CPU
	EndGlobalSection
	GlobalSection(SolutionProperties) = preSolution
		HideSolutionNode = FALSE
	EndGlobalSection
	GlobalSection(ExtensibilityGlobals) = postSolution
		SolutionGuid = {CBEFEB94-A0C4-40CF-BC40-B859EB226D8A}
	EndGlobalSection
EndGlobal
